
Microsoft Visual Studio Solution File, Format Version 11.00
# Visual Studio 2010
Project("{FAE04EC0-301F-11D3-BF4B-00C04F79EFBC}") = "InfiniteStarField", "Assembly-CSharp.csproj", "{D1A86F13-7F37-E845-9AC9-F258A7C7F438}"
EndProject
Global
	GlobalSection(SolutionConfigurationPlatforms) = preSolution
		Debug|Any CPU = Debug|Any CPU
		Release|Any CPU = Release|Any CPU
	EndGlobalSection
	GlobalSection(ProjectConfigurationPlatforms) = postSolution
		{D1A86F13-7F37-E845-9AC9-F258A7C7F438}.Debug|Any CPU.ActiveCfg = Debug|Any CPU
		{D1A86F13-7F37-E845-9AC9-F258A7C7F438}.Debug|Any CPU.Build.0 = Debug|Any CPU
		{D1A86F13-7F37-E845-9AC9-F258A7C7F438}.Release|Any CPU.ActiveCfg = Release|Any CPU
		{D1A86F13-7F37-E845-9AC9-F258A7C7F438}.Release|Any CPU.Build.0 = Release|Any CPU
	EndGlobalSection
	GlobalSection(SolutionProperties) = preSolution
		HideSolutionNode = FALSE
	EndGlobalSection
	GlobalSection(MonoDevelopProperties) = preSolution
		StartupItem = Assembly-CSharp.csproj
	EndGlobalSection
EndGlobal
